{
  "version": 2,
  "dependencies": {
    "net10.0": {
      "Hugo": {
        "type": "Direct",
        "requested": "[1.4.2, )",
        "resolved": "1.4.2",
        "contentHash": "rG3SPqXYFb7FUkJhbmyaGejV+6xnnhGokZoLopD8cJR4/s0mmZFY0ZBT24iwotR3cX40+2V4DVZewEUuqbkZkQ==",
        "dependencies": {
          "Microsoft.Extensions.DependencyInjection.Abstractions": "9.0.10",
          "Microsoft.Extensions.Logging.Abstractions": "9.0.10"
        }
      },
      "Microsoft.SourceLink.GitHub": {
        "type": "Direct",
        "requested": "[8.0.0, )",
        "resolved": "8.0.0",
        "contentHash": "G5q7OqtwIyGTkeIOAc3u2ZuV/kicQaec5EaRnc0pIeSnh9LUjj+PYQrJYBURvDt7twGl2PKA7nSN0kz1Zw5bnQ==",
        "dependencies": {
          "Microsoft.Build.Tasks.Git": "8.0.0",
          "Microsoft.SourceLink.Common": "8.0.0"
        }
      },
      "Grpc.Core.Api": {
        "type": "Transitive",
        "resolved": "2.71.0",
        "contentHash": "QquqUC37yxsDzd1QaDRsH2+uuznWPTS8CVE2Yzwl3CvU4geTNkolQXoVN812M2IwT6zpv3jsZRc9ExJFNFslTg=="
      },
      "Grpc.Net.Common": {
        "type": "Transitive",
        "resolved": "2.71.0",
        "contentHash": "v0c8R97TwRYwNXlC8GyRXwYTCNufpDfUtj9la+wUrZFzVWkFJuNAltU+c0yI3zu0jl54k7en6u2WKgZgd57r2Q==",
        "dependencies": {
          "Grpc.Core.Api": "2.71.0"
        }
      },
      "Humanizer.Core": {
        "type": "Transitive",
        "resolved": "2.14.1",
        "contentHash": "lQKvtaTDOXnoVJ20ibTuSIOf2i0uO0MPbDhd1jm238I+U/2ZnRENj0cktKZhtchBMtCUSRQ5v4xBCUbKNmyVMw=="
      },
      "Json.More.Net": {
        "type": "Transitive",
        "resolved": "2.1.1",
        "contentHash": "ZXAKl2VsdnIZeUo1PFII3Oi1m1L4YQjEyDjygHfHln5vgsjgIo749X6xWkv7qFYp8RROES+vOEfDcvvoVgs8kA=="
      },
      "JsonPointer.Net": {
        "type": "Transitive",
        "resolved": "5.3.1",
        "contentHash": "3e2OJjU0OaE26XC/klgxbJuXvteFWTDJIJv0ITYWcJEoskq7jzUwPSC1s0iz4wPPQnfN7vwwFmg2gJfwRAPwgw==",
        "dependencies": {
          "Humanizer.Core": "2.14.1",
          "Json.More.Net": "2.1.1"
        }
      },
      "Microsoft.Build.Tasks.Git": {
        "type": "Transitive",
        "resolved": "8.0.0",
        "contentHash": "bZKfSIKJRXLTuSzLudMFte/8CempWjVamNUR5eHJizsy+iuOuO/k2gnh7W0dHJmYY0tBf+gUErfluCv5mySAOQ=="
      },
      "Microsoft.Extensions.Configuration.Abstractions": {
        "type": "Transitive",
        "resolved": "10.0.0-rc.2.25502.107",
        "contentHash": "H+i/Qy30Rg/K9BcW2Z6DCHPCzwMH3bCwNOjEz31shWTUDK8GeeeMnrKVusprTcRA2Y6yPST+hg2zc3whPEs14Q==",
        "dependencies": {
          "Microsoft.Extensions.Primitives": "10.0.0-rc.2.25502.107"
        }
      },
      "Microsoft.Extensions.DependencyInjection.Abstractions": {
        "type": "Transitive",
        "resolved": "10.0.0-rc.2.25502.107",
        "contentHash": "8jujunpkNNfTkE9PFHp9/aD6GPKVfNCuz8tUbzOcyU5tQOCoIZId4hwQNVx3Tb8XEWw9BYdh0k5vPpqdCM+UtA=="
      },
      "Microsoft.Extensions.Diagnostics.Abstractions": {
        "type": "Transitive",
        "resolved": "10.0.0-rc.2.25502.107",
        "contentHash": "x6XVv3RiwOlN2unjyX/Zat0gI0HiRoDDdjkwBCwsMftYWpbJu4SiyRwDbrv2zAF8v8nbEEvcWi3/pUxZfaqLQw==",
        "dependencies": {
          "Microsoft.Extensions.DependencyInjection.Abstractions": "10.0.0-rc.2.25502.107",
          "Microsoft.Extensions.Options": "10.0.0-rc.2.25502.107"
        }
      },
      "Microsoft.Extensions.Logging": {
        "type": "Transitive",
        "resolved": "10.0.0-rc.2.25502.107",
        "contentHash": "q2C5gq86qkTmcYSJJSnw8sgTUyuqENYSOjk/NOYjHnYlKSrK3oI9Rjv1bWFpx2I3Btq9ZBEJb9aMM+IUQ0PvZA==",
        "dependencies": {
          "Microsoft.Extensions.DependencyInjection": "10.0.0-rc.2.25502.107",
          "Microsoft.Extensions.Logging.Abstractions": "10.0.0-rc.2.25502.107",
          "Microsoft.Extensions.Options": "10.0.0-rc.2.25502.107"
        }
      },
      "Microsoft.Extensions.Logging.Abstractions": {
        "type": "Transitive",
        "resolved": "10.0.0-rc.2.25502.107",
        "contentHash": "SKKKZjyCpBaDQ7yuFjdk6ELnRBRWeZsbnzUfo59Wc4PGhgf92chE3we/QlT6nk6NqlWcUgH/jogM+B/uq/Qdnw==",
        "dependencies": {
          "Microsoft.Extensions.DependencyInjection.Abstractions": "10.0.0-rc.2.25502.107"
        }
      },
      "Microsoft.Extensions.Logging.Configuration": {
        "type": "Transitive",
        "resolved": "10.0.0-rc.2.25502.107",
        "contentHash": "dNb9DF+8IQNjr75dh6AwEfl7GcpW2gMycXLmCGBKCqAE2y4XBkazoNfJebCjUvb5L2gOUSxMpH1nu0gX+guGUQ==",
        "dependencies": {
          "Microsoft.Extensions.Configuration": "10.0.0-rc.2.25502.107",
          "Microsoft.Extensions.Configuration.Abstractions": "10.0.0-rc.2.25502.107",
          "Microsoft.Extensions.Configuration.Binder": "10.0.0-rc.2.25502.107",
          "Microsoft.Extensions.DependencyInjection.Abstractions": "10.0.0-rc.2.25502.107",
          "Microsoft.Extensions.Logging": "10.0.0-rc.2.25502.107",
          "Microsoft.Extensions.Logging.Abstractions": "10.0.0-rc.2.25502.107",
          "Microsoft.Extensions.Options": "10.0.0-rc.2.25502.107",
          "Microsoft.Extensions.Options.ConfigurationExtensions": "10.0.0-rc.2.25502.107"
        }
      },
      "Microsoft.Extensions.Options": {
        "type": "Transitive",
        "resolved": "10.0.0-rc.2.25502.107",
        "contentHash": "Ib6BCCjisp7ZUdhtNpSulFO0ODhz/IE4ZZd8OCqQWoRs363BQ0QOZi9KwpqpiEWo51S0kIXWqNicDPGXwpt9pQ==",
        "dependencies": {
          "Microsoft.Extensions.DependencyInjection.Abstractions": "10.0.0-rc.2.25502.107",
          "Microsoft.Extensions.Primitives": "10.0.0-rc.2.25502.107"
        }
      },
      "Microsoft.Extensions.Primitives": {
        "type": "Transitive",
        "resolved": "10.0.0-rc.2.25502.107",
        "contentHash": "9pm2zqqn5u/OsKs2zgkhJEQQeMx9KkVOWPdHrs7Kt5sfpk+eIh/gmpi/mMH/ljS2T/PFsFdCEtm+GS/6l7zoZA=="
      },
      "Microsoft.SourceLink.Common": {
        "type": "Transitive",
        "resolved": "8.0.0",
        "contentHash": "dk9JPxTCIevS75HyEQ0E4OVAFhB2N+V9ShCXf8Q6FkUQZDkgLI12y679Nym1YqsiSysuQskT7Z+6nUf3yab6Vw=="
      },
      "OpenTelemetry.Api": {
        "type": "Transitive",
        "resolved": "1.14.0-rc.1",
        "contentHash": "Wgi6kkI6MgTNF5AXdMfABJmRSypRcfLoEeB63uYP/l1I2v8Yoy2uW20YxGNLMBCMCljtZUZRhM0L5KpAVpdp1Q=="
      },
      "OpenTelemetry.Api.ProviderBuilderExtensions": {
        "type": "Transitive",
        "resolved": "1.14.0-rc.1",
        "contentHash": "Q7Qt6A7zNUUDj/NKjzUInD39m8o4fO2YNoyyfMdN6INBCLt2l4Z4TiOSfFfe8C2v1K2QdAROKbgS7x0oiFH55w==",
        "dependencies": {
          "Microsoft.Extensions.DependencyInjection.Abstractions": "10.0.0-rc.2.25502.107",
          "OpenTelemetry.Api": "1.14.0-rc.1"
        }
      },
      "omnirelay": {
        "type": "Project",
        "dependencies": {
          "Google.Protobuf": "[3.33.0, )",
          "Grpc.AspNetCore.Server": "[2.71.0, )",
          "Grpc.HealthCheck": "[2.71.0, )",
          "Grpc.Net.Client": "[2.71.0, )",
          "Hugo": "[1.4.2, )",
          "JsonSchema.Net": "[7.4.0, )",
          "OpenTelemetry": "[1.14.0-rc.1, )"
        }
      },
      "Google.Protobuf": {
        "type": "CentralTransitive",
        "requested": "[3.33.0, )",
        "resolved": "3.33.0",
        "contentHash": "+kIa03YipuiSDeRuZwcDcXS1xBQAFeGLIjuLbgJr2i+TlwBPYAqdnQZJ2SDVzIgDyy+q+n/400WyWyrJ5ZqCgQ=="
      },
      "Grpc.AspNetCore.Server": {
        "type": "CentralTransitive",
        "requested": "[2.71.0, )",
        "resolved": "2.71.0",
        "contentHash": "kv+9YVB6MqDYWIcstXvWrT7Xc1si/sfINzzSxvQfjC3aei+92gXDUXCH/Q+TEvi4QSICRqu92BYcrXUBW7cuOw==",
        "dependencies": {
          "Grpc.Net.Common": "2.71.0"
        }
      },
      "Grpc.HealthCheck": {
        "type": "CentralTransitive",
        "requested": "[2.71.0, )",
        "resolved": "2.71.0",
        "contentHash": "XpBBFCPat0nOCrAkmjAiZfdWtFlx5OsvRKaQzvY/Vt1FFKH3z2BgowNYUe3uFMs3JDYGn0u6iYJILmlA9ez63A==",
        "dependencies": {
          "Google.Protobuf": "3.30.2",
          "Grpc.Core.Api": "2.71.0"
        }
      },
      "Grpc.Net.Client": {
        "type": "CentralTransitive",
        "requested": "[2.71.0, )",
        "resolved": "2.71.0",
        "contentHash": "U1vr20r5ngoT9nlb7wejF28EKN+taMhJsV9XtK9MkiepTZwnKxxiarriiMfCHuDAfPUm9XUjFMn/RIuJ4YY61w==",
        "dependencies": {
          "Grpc.Net.Common": "2.71.0",
          "Microsoft.Extensions.Logging.Abstractions": "6.0.0"
        }
      },
      "JsonSchema.Net": {
        "type": "CentralTransitive",
        "requested": "[7.4.0, )",
        "resolved": "7.4.0",
        "contentHash": "5T3DWENwuCzLwFWz0qjXXVWA8+5+gC95OLkhqUBWpVpWBMr9gwfhWNeX8rWyr+fLQ7pIQ+lWuHIrmXRudxOOSw==",
        "dependencies": {
          "JsonPointer.Net": "5.3.1"
        }
      },
      "Microsoft.Extensions.Configuration": {
        "type": "CentralTransitive",
        "requested": "[10.0.0-rc.2.25502.107, )",
        "resolved": "10.0.0-rc.2.25502.107",
        "contentHash": "273Ggibh3DdVrj47ENbUGIirOiqmLTAizpkvOD584Ps6NL/CMXPzesijnJgsjp7Fv/UCp69FKYBaSxZZ3q5R9g==",
        "dependencies": {
          "Microsoft.Extensions.Configuration.Abstractions": "10.0.0-rc.2.25502.107",
          "Microsoft.Extensions.Primitives": "10.0.0-rc.2.25502.107"
        }
      },
      "Microsoft.Extensions.Configuration.Binder": {
        "type": "CentralTransitive",
        "requested": "[10.0.0-rc.2.25502.107, )",
        "resolved": "10.0.0-rc.2.25502.107",
        "contentHash": "aA6/V6lw1Gueyb1PqhHAl/i/qUUuv+Fusfk4oaMOzzOjspBkYtPpNHCmml/0t1x0/DnZoed+u2WwpP+mSwd8Dg==",
        "dependencies": {
          "Microsoft.Extensions.Configuration": "10.0.0-rc.2.25502.107",
          "Microsoft.Extensions.Configuration.Abstractions": "10.0.0-rc.2.25502.107"
        }
      },
      "Microsoft.Extensions.DependencyInjection": {
        "type": "CentralTransitive",
        "requested": "[10.0.0-rc.2.25502.107, )",
        "resolved": "10.0.0-rc.2.25502.107",
        "contentHash": "mDw80K98jBWCyLFCra51PRv+Ttnjse1lZIzXEFybKby0/ajBFTEeHj/4r/QJexmb8Uun0yaFH1HlFtmHP1YEVA==",
        "dependencies": {
          "Microsoft.Extensions.DependencyInjection.Abstractions": "10.0.0-rc.2.25502.107"
        }
      },
      "Microsoft.Extensions.Options.ConfigurationExtensions": {
        "type": "CentralTransitive",
        "requested": "[10.0.0-rc.2.25502.107, )",
        "resolved": "10.0.0-rc.2.25502.107",
        "contentHash": "MFbT8+JKX49YCXEFvlZDzQzI/R3QKzRZlb4dSud+569cMgA9hWbndjWWvOgGASoRcXynGRrBSq1Bw3PeCsB5/Q==",
        "dependencies": {
          "Microsoft.Extensions.Configuration.Abstractions": "10.0.0-rc.2.25502.107",
          "Microsoft.Extensions.Configuration.Binder": "10.0.0-rc.2.25502.107",
          "Microsoft.Extensions.DependencyInjection.Abstractions": "10.0.0-rc.2.25502.107",
          "Microsoft.Extensions.Options": "10.0.0-rc.2.25502.107",
          "Microsoft.Extensions.Primitives": "10.0.0-rc.2.25502.107"
        }
      },
      "OpenTelemetry": {
        "type": "CentralTransitive",
        "requested": "[1.14.0-rc.1, )",
        "resolved": "1.14.0-rc.1",
        "contentHash": "HTkOF7CULqeEwsmjY1K0zrSqZV0zi7GhTpHbmvcli5P+aTdYvkRgU9sKOIHnk2om7nj7HVTbdMlRGpxhrsWMag==",
        "dependencies": {
          "Microsoft.Extensions.Diagnostics.Abstractions": "10.0.0-rc.2.25502.107",
          "Microsoft.Extensions.Logging.Configuration": "10.0.0-rc.2.25502.107",
          "OpenTelemetry.Api.ProviderBuilderExtensions": "1.14.0-rc.1"
        }
      }
    }
  }
}