{
  "version": 2,
  "dependencies": {
    "net10.0": {
      "Google.Protobuf": {
        "type": "Direct",
        "requested": "[3.33.0, )",
        "resolved": "3.33.0",
        "contentHash": "+kIa03YipuiSDeRuZwcDcXS1xBQAFeGLIjuLbgJr2i+TlwBPYAqdnQZJ2SDVzIgDyy+q+n/400WyWyrJ5ZqCgQ=="
      },
      "Grpc.AspNetCore.Server": {
        "type": "Direct",
        "requested": "[2.71.0, )",
        "resolved": "2.71.0",
        "contentHash": "kv+9YVB6MqDYWIcstXvWrT7Xc1si/sfINzzSxvQfjC3aei+92gXDUXCH/Q+TEvi4QSICRqu92BYcrXUBW7cuOw==",
        "dependencies": {
          "Grpc.Net.Common": "2.71.0"
        }
      },
      "Grpc.HealthCheck": {
        "type": "Direct",
        "requested": "[2.71.0, )",
        "resolved": "2.71.0",
        "contentHash": "XpBBFCPat0nOCrAkmjAiZfdWtFlx5OsvRKaQzvY/Vt1FFKH3z2BgowNYUe3uFMs3JDYGn0u6iYJILmlA9ez63A==",
        "dependencies": {
          "Google.Protobuf": "3.30.2",
          "Grpc.Core.Api": "2.71.0"
        }
      },
      "Grpc.Net.Client": {
        "type": "Direct",
        "requested": "[2.71.0, )",
        "resolved": "2.71.0",
        "contentHash": "U1vr20r5ngoT9nlb7wejF28EKN+taMhJsV9XtK9MkiepTZwnKxxiarriiMfCHuDAfPUm9XUjFMn/RIuJ4YY61w==",
        "dependencies": {
          "Grpc.Net.Common": "2.71.0"
        }
      },
      "Grpc.Tools": {
        "type": "Direct",
        "requested": "[2.76.0, )",
        "resolved": "2.76.0",
        "contentHash": "goRzYZVMgQtyLvkWdgTnPycg49hlNxnMkqGGgR3l7nCOm0bUh0YeAneiJ9JFk3XLgF4suQUdETYkl2Mg/TBr0w=="
      },
      "Hugo": {
        "type": "Direct",
        "requested": "[1.4.4, )",
        "resolved": "1.4.4",
        "contentHash": "AQZUOCBj2wHASAiVLsorAPAD3h5PxXp/CNu8lMgy6l0HDwuUg41ekAkbIE2cvZKYR+Bb/FvsAlUZFW2yM+WvzQ=="
      },
      "JsonSchema.Net": {
        "type": "Direct",
        "requested": "[7.4.0, )",
        "resolved": "7.4.0",
        "contentHash": "5T3DWENwuCzLwFWz0qjXXVWA8+5+gC95OLkhqUBWpVpWBMr9gwfhWNeX8rWyr+fLQ7pIQ+lWuHIrmXRudxOOSw==",
        "dependencies": {
          "JsonPointer.Net": "5.3.1"
        }
      },
      "Microsoft.Data.Sqlite": {
        "type": "Direct",
        "requested": "[8.0.8, )",
        "resolved": "8.0.8",
        "contentHash": "Ao+kD9lZpZvvvfLHMR4/UviFGXaWhQ9AVT4fYMl62XWgIPuVIhZqLysmDNiXbsz6Pb87iyyElX2xSfigzKNZNg==",
        "dependencies": {
          "Microsoft.Data.Sqlite.Core": "8.0.8",
          "SQLitePCLRaw.bundle_e_sqlite3": "2.1.6"
        }
      },
      "Microsoft.SourceLink.GitHub": {
        "type": "Direct",
        "requested": "[8.0.0, )",
        "resolved": "8.0.0",
        "contentHash": "G5q7OqtwIyGTkeIOAc3u2ZuV/kicQaec5EaRnc0pIeSnh9LUjj+PYQrJYBURvDt7twGl2PKA7nSN0kz1Zw5bnQ==",
        "dependencies": {
          "Microsoft.Build.Tasks.Git": "8.0.0",
          "Microsoft.SourceLink.Common": "8.0.0"
        }
      },
      "OpenTelemetry": {
        "type": "Direct",
        "requested": "[1.14.0-rc.1, )",
        "resolved": "1.14.0-rc.1",
        "contentHash": "HTkOF7CULqeEwsmjY1K0zrSqZV0zi7GhTpHbmvcli5P+aTdYvkRgU9sKOIHnk2om7nj7HVTbdMlRGpxhrsWMag==",
        "dependencies": {
          "OpenTelemetry.Api.ProviderBuilderExtensions": "1.14.0-rc.1"
        }
      },
      "Grpc.Core.Api": {
        "type": "Transitive",
        "resolved": "2.71.0",
        "contentHash": "QquqUC37yxsDzd1QaDRsH2+uuznWPTS8CVE2Yzwl3CvU4geTNkolQXoVN812M2IwT6zpv3jsZRc9ExJFNFslTg=="
      },
      "Grpc.Net.Common": {
        "type": "Transitive",
        "resolved": "2.71.0",
        "contentHash": "v0c8R97TwRYwNXlC8GyRXwYTCNufpDfUtj9la+wUrZFzVWkFJuNAltU+c0yI3zu0jl54k7en6u2WKgZgd57r2Q==",
        "dependencies": {
          "Grpc.Core.Api": "2.71.0"
        }
      },
      "Humanizer.Core": {
        "type": "Transitive",
        "resolved": "2.14.1",
        "contentHash": "lQKvtaTDOXnoVJ20ibTuSIOf2i0uO0MPbDhd1jm238I+U/2ZnRENj0cktKZhtchBMtCUSRQ5v4xBCUbKNmyVMw=="
      },
      "Json.More.Net": {
        "type": "Transitive",
        "resolved": "2.1.1",
        "contentHash": "ZXAKl2VsdnIZeUo1PFII3Oi1m1L4YQjEyDjygHfHln5vgsjgIo749X6xWkv7qFYp8RROES+vOEfDcvvoVgs8kA=="
      },
      "JsonPointer.Net": {
        "type": "Transitive",
        "resolved": "5.3.1",
        "contentHash": "3e2OJjU0OaE26XC/klgxbJuXvteFWTDJIJv0ITYWcJEoskq7jzUwPSC1s0iz4wPPQnfN7vwwFmg2gJfwRAPwgw==",
        "dependencies": {
          "Humanizer.Core": "2.14.1",
          "Json.More.Net": "2.1.1"
        }
      },
      "Microsoft.Build.Tasks.Git": {
        "type": "Transitive",
        "resolved": "8.0.0",
        "contentHash": "bZKfSIKJRXLTuSzLudMFte/8CempWjVamNUR5eHJizsy+iuOuO/k2gnh7W0dHJmYY0tBf+gUErfluCv5mySAOQ=="
      },
      "Microsoft.Data.Sqlite.Core": {
        "type": "Transitive",
        "resolved": "8.0.8",
        "contentHash": "qHInO2EvOcPhjgboP0TGnXM7rASdvWXrw6jAH8Yuz5YP82VTje7d/NKiX1i+dVbE3+G3JuW1kqNVB8yLvsqgYA==",
        "dependencies": {
          "SQLitePCLRaw.core": "2.1.6"
        }
      },
      "Microsoft.SourceLink.Common": {
        "type": "Transitive",
        "resolved": "8.0.0",
        "contentHash": "dk9JPxTCIevS75HyEQ0E4OVAFhB2N+V9ShCXf8Q6FkUQZDkgLI12y679Nym1YqsiSysuQskT7Z+6nUf3yab6Vw=="
      },
      "OpenTelemetry.Api": {
        "type": "Transitive",
        "resolved": "1.14.0-rc.1",
        "contentHash": "Wgi6kkI6MgTNF5AXdMfABJmRSypRcfLoEeB63uYP/l1I2v8Yoy2uW20YxGNLMBCMCljtZUZRhM0L5KpAVpdp1Q=="
      },
      "OpenTelemetry.Api.ProviderBuilderExtensions": {
        "type": "Transitive",
        "resolved": "1.14.0-rc.1",
        "contentHash": "Q7Qt6A7zNUUDj/NKjzUInD39m8o4fO2YNoyyfMdN6INBCLt2l4Z4TiOSfFfe8C2v1K2QdAROKbgS7x0oiFH55w==",
        "dependencies": {
          "OpenTelemetry.Api": "1.14.0-rc.1"
        }
      },
      "SQLitePCLRaw.bundle_e_sqlite3": {
        "type": "Transitive",
        "resolved": "2.1.6",
        "contentHash": "BmAf6XWt4TqtowmiWe4/5rRot6GerAeklmOPfviOvwLoF5WwgxcJHAxZtySuyW9r9w+HLILnm8VfJFLCUJYW8A==",
        "dependencies": {
          "SQLitePCLRaw.lib.e_sqlite3": "2.1.6",
          "SQLitePCLRaw.provider.e_sqlite3": "2.1.6"
        }
      },
      "SQLitePCLRaw.core": {
        "type": "Transitive",
        "resolved": "2.1.6",
        "contentHash": "wO6v9GeMx9CUngAet8hbO7xdm+M42p1XeJq47ogyRoYSvNSp0NGLI+MgC0bhrMk9C17MTVFlLiN6ylyExLCc5w=="
      },
      "SQLitePCLRaw.lib.e_sqlite3": {
        "type": "Transitive",
        "resolved": "2.1.6",
        "contentHash": "2ObJJLkIUIxRpOUlZNGuD4rICpBnrBR5anjyfUFQep4hMOIeqW+XGQYzrNmHSVz5xSWZ3klSbh7sFR6UyDj68Q=="
      },
      "SQLitePCLRaw.provider.e_sqlite3": {
        "type": "Transitive",
        "resolved": "2.1.6",
        "contentHash": "PQ2Oq3yepLY4P7ll145P3xtx2bX8xF4PzaKPRpw9jZlKvfe4LE/saAV82inND9usn1XRpmxXk7Lal3MTI+6CNg==",
        "dependencies": {
          "SQLitePCLRaw.core": "2.1.6"
        }
      }
    }
  }
}